{
    "_readme": [
        "This file locks the dependencies of your project to a known state",
        "Read more about it at http://getcomposer.org/doc/01-basic-usage.md#composer-lock-the-lock-file"
    ],
    "hash": "9cb9ed747925f03afad88b88aa7a8211",
    "packages": [

    ],
    "packages-dev": [
        {
            "name": "minond/model",
            "version": "dev-master",
            "source": {
                "type": "git",
                "url": "https://github.com/minond/Model.git",
                "reference": "f858c349047b7f9a021715a88a29536158fa8ad7"
            },
            "dist": {
                "type": "zip",
                "url": "https://api.github.com/repos/minond/Model/zipball/f858c349047b7f9a021715a88a29536158fa8ad7",
                "reference": "f858c349047b7f9a021715a88a29536158fa8ad7",
                "shasum": ""
            },
            "require": {
                "php": ">=5.3.0"
            },
            "type": "library",
            "autoload": {
                "psr-0": {
                    "Efficio": "src/"
                }
            },
            "notification-url": "https://packagist.org/downloads/",
            "authors": [
                {
                    "name": "Marcos Minond",
                    "email": "minond.marcos@gmail.com"
                }
            ],
            "description": "Object models",
            "time": "2013-06-10 01:40:37"
        }
    ],
    "aliases": [

    ],
    "minimum-stability": "stable",
    "stability-flags": {
        "minond/model": 20
    },
    "platform": {
        "php": ">=5.3.0"
    },
    "platform-dev": [

    ]
}
